
Microsoft Visual Studio Solution File, Format Version 12.00
# Visual Studio Version 16
VisualStudioVersion = 16.0.30611.23
MinimumVisualStudioVersion = 10.0.40219.1
Project("{FAE04EC0-301F-11D3-BF4B-00C04F79EFBC}") = "ConsoleDownloaderClient", "ConsoleDownloaderClient\ConsoleDownloaderClient.csproj", "{7C96BEC0-13BD-46EE-8D66-11A3CE0763B3}"
EndProject
Project("{FAE04EC0-301F-11D3-BF4B-00C04F79EFBC}") = "ConsoleDownloader", "ConsoleDownloader\ConsoleDownloader.csproj", "{D5EADD45-5A51-4DF1-8518-348752DC234F}"
EndProject
Global
	GlobalSection(SolutionConfigurationPlatforms) = preSolution
		Debug|x64 = Debug|x64
		Release|x64 = Release|x64
	EndGlobalSection
	GlobalSection(ProjectConfigurationPlatforms) = postSolution
		{D5EADD45-5A51-4DF1-8518-348752DC234F}.Debug|x64.ActiveCfg = Debug|x64
		{D5EADD45-5A51-4DF1-8518-348752DC234F}.Debug|x64.Build.0 = Debug|x64
		{D5EADD45-5A51-4DF1-8518-348752DC234F}.Release|x64.ActiveCfg = Release|x64
		{D5EADD45-5A51-4DF1-8518-348752DC234F}.Release|x64.Build.0 = Release|x64
		{7C96BEC0-13BD-46EE-8D66-11A3CE0763B3}.Debug|x64.ActiveCfg = Debug|x64
		{7C96BEC0-13BD-46EE-8D66-11A3CE0763B3}.Debug|x64.Build.0 = Debug|x64
		{7C96BEC0-13BD-46EE-8D66-11A3CE0763B3}.Release|x64.ActiveCfg = Release|x64
		{7C96BEC0-13BD-46EE-8D66-11A3CE0763B3}.Release|x64.Build.0 = Release|x64
	EndGlobalSection
	GlobalSection(SolutionProperties) = preSolution
		HideSolutionNode = FALSE
	EndGlobalSection
	GlobalSection(ExtensibilityGlobals) = postSolution
		SolutionGuid = {3532F732-786B-4005-9B67-F92D30A192C0}
	EndGlobalSection
EndGlobal
